# THIS IS AN AUTOGENERATED FILE. DO NOT EDIT THIS FILE DIRECTLY.
# yarn lockfile v1


govuk-frontend@^3.0.0:
  version "3.7.0"
  resolved "https://registry.yarnpkg.com/govuk-frontend/-/govuk-frontend-3.7.0.tgz#2eb2130c3c9f7c701c7ecdb300cc91106275a414"
  integrity sha512-G3bqoKGGF8YQ18UJH9tTARrwB8i7iPwN1xc8RXwWyx91q0p/Xl10uNywZLkzGWcJDzEz1vwmBTTL3SLDU/KxNg==
